
Microsoft Visual Studio Solution File, Format Version 12.00
# Visual Studio Version 17
VisualStudioVersion = 17.13.35913.81 d17.13
MinimumVisualStudioVersion = 10.0.40219.1
Project("{FAE04EC0-301F-11D3-BF4B-00C04F79EFBC}") = "AfadAnalytics", "AfadAnalytics\AfadAnalytics.csproj", "{D7500938-8D44-4DCF-AA88-78AA9113A770}"
EndProject
Global
	GlobalSection(SolutionConfigurationPlatforms) = preSolution
		Debug|Any CPU = Debug|Any CPU
		Release|Any CPU = Release|Any CPU
	EndGlobalSection
	GlobalSection(ProjectConfigurationPlatforms) = postSolution
		{D7500938-8D44-4DCF-AA88-78AA9113A770}.Debug|Any CPU.ActiveCfg = Debug|Any CPU
		{D7500938-8D44-4DCF-AA88-78AA9113A770}.Debug|Any CPU.Build.0 = Debug|Any CPU
		{D7500938-8D44-4DCF-AA88-78AA9113A770}.Release|Any CPU.ActiveCfg = Release|Any CPU
		{D7500938-8D44-4DCF-AA88-78AA9113A770}.Release|Any CPU.Build.0 = Release|Any CPU
	EndGlobalSection
	GlobalSection(SolutionProperties) = preSolution
		HideSolutionNode = FALSE
	EndGlobalSection
	GlobalSection(ExtensibilityGlobals) = postSolution
		SolutionGuid = {06B5D63A-07A2-4627-8ED2-7A1EA4524EC1}
	EndGlobalSection
EndGlobal
